
Microsoft Visual Studio Solution File, Format Version 12.00
# Visual Studio Version 17
VisualStudioVersion = 17.2.32630.192
MinimumVisualStudioVersion = 10.0.40219.1
Project("{9A19103F-16F7-4668-BE54-9A1E7A4F7556}") = "TO-DO", "TO-DO\TO-DO.csproj", "{2CC37FBE-03CC-4715-9697-AD729358EE6B}"
EndProject
Global
	GlobalSection(SolutionConfigurationPlatforms) = preSolution
		Debug|Any CPU = Debug|Any CPU
		Release|Any CPU = Release|Any CPU
	EndGlobalSection
	GlobalSection(ProjectConfigurationPlatforms) = postSolution
		{2CC37FBE-03CC-4715-9697-AD729358EE6B}.Debug|Any CPU.ActiveCfg = Debug|Any CPU
		{2CC37FBE-03CC-4715-9697-AD729358EE6B}.Debug|Any CPU.Build.0 = Debug|Any CPU
		{2CC37FBE-03CC-4715-9697-AD729358EE6B}.Release|Any CPU.ActiveCfg = Release|Any CPU
		{2CC37FBE-03CC-4715-9697-AD729358EE6B}.Release|Any CPU.Build.0 = Release|Any CPU
	EndGlobalSection
	GlobalSection(SolutionProperties) = preSolution
		HideSolutionNode = FALSE
	EndGlobalSection
	GlobalSection(ExtensibilityGlobals) = postSolution
		SolutionGuid = {58110892-EBDB-468F-A712-0D57FEB81357}
	EndGlobalSection
EndGlobal
